
Microsoft Visual Studio Solution File, Format Version 12.00
# Visual Studio 15
VisualStudioVersion = 15.0.28010.2019
MinimumVisualStudioVersion = 10.0.40219.1
Project("{FAE04EC0-301F-11D3-BF4B-00C04F79EFBC}") = "lab3_CV", "lab3_CV\lab3_CV.csproj", "{ACAE5C80-2F8B-4E07-BEB8-010F9B50DCF1}"
EndProject
Global
	GlobalSection(SolutionConfigurationPlatforms) = preSolution
		Debug|Any CPU = Debug|Any CPU
		Release|Any CPU = Release|Any CPU
	EndGlobalSection
	GlobalSection(ProjectConfigurationPlatforms) = postSolution
		{ACAE5C80-2F8B-4E07-BEB8-010F9B50DCF1}.Debug|Any CPU.ActiveCfg = Debug|Any CPU
		{ACAE5C80-2F8B-4E07-BEB8-010F9B50DCF1}.Debug|Any CPU.Build.0 = Debug|Any CPU
		{ACAE5C80-2F8B-4E07-BEB8-010F9B50DCF1}.Release|Any CPU.ActiveCfg = Release|Any CPU
		{ACAE5C80-2F8B-4E07-BEB8-010F9B50DCF1}.Release|Any CPU.Build.0 = Release|Any CPU
	EndGlobalSection
	GlobalSection(SolutionProperties) = preSolution
		HideSolutionNode = FALSE
	EndGlobalSection
	GlobalSection(ExtensibilityGlobals) = postSolution
		SolutionGuid = {ED15DB6E-2026-4E4B-B02C-CAFD4F2D8EC4}
	EndGlobalSection
EndGlobal
