
Microsoft Visual Studio Solution File, Format Version 12.00
# Visual Studio Version 16
VisualStudioVersion = 16.0.30413.136
MinimumVisualStudioVersion = 10.0.40219.1
Project("{FAE04EC0-301F-11D3-BF4B-00C04F79EFBC}") = "lab3_3", "lab3_3\lab3_3.csproj", "{99DEC94E-1ADE-4B4C-B9BF-CE9414786FB1}"
EndProject
Global
	GlobalSection(SolutionConfigurationPlatforms) = preSolution
		Debug|Any CPU = Debug|Any CPU
		Release|Any CPU = Release|Any CPU
	EndGlobalSection
	GlobalSection(ProjectConfigurationPlatforms) = postSolution
		{99DEC94E-1ADE-4B4C-B9BF-CE9414786FB1}.Debug|Any CPU.ActiveCfg = Debug|Any CPU
		{99DEC94E-1ADE-4B4C-B9BF-CE9414786FB1}.Debug|Any CPU.Build.0 = Debug|Any CPU
		{99DEC94E-1ADE-4B4C-B9BF-CE9414786FB1}.Release|Any CPU.ActiveCfg = Release|Any CPU
		{99DEC94E-1ADE-4B4C-B9BF-CE9414786FB1}.Release|Any CPU.Build.0 = Release|Any CPU
	EndGlobalSection
	GlobalSection(SolutionProperties) = preSolution
		HideSolutionNode = FALSE
	EndGlobalSection
	GlobalSection(ExtensibilityGlobals) = postSolution
		SolutionGuid = {378F0E82-5F70-4751-A42A-2270C6E22529}
	EndGlobalSection
EndGlobal
